// !$*UTF8*$!
{
	archiveVersion = 1;
	classes = {
	};
	objectVersion = 46;
	objects = {

/* Begin PBXBuildFile section */
		31878BF04F443F2EC62E243A /* Pods_FlickrDemo.framework in Frameworks */ = {isa = PBXBuildFile; fileRef = EFB40A1B235F0EEFC754EE5E /* Pods_FlickrDemo.framework */; };
		4BCB2B28E19E54613734EB67 /* Pods_FlickrDemoUITests.framework in Frameworks */ = {isa = PBXBuildFile; fileRef = E4553D73ECEEB795E9B7138F /* Pods_FlickrDemoUITests.framework */; };
		5A4F59B71F3A065200C84D80 /* RWLImageCellNode.m in Sources */ = {isa = PBXBuildFile; fileRef = 5A4F59B61F3A065200C84D80 /* RWLImageCellNode.m */; };
		5A4F59BB1F3A0A9E00C84D80 /* RWLFlickrSearchViewModel.m in Sources */ = {isa = PBXBuildFile; fileRef = 5A4F59BA1F3A0A9E00C84D80 /* RWLFlickrSearchViewModel.m */; };
		5A4F59C31F3A143400C84D80 /* RWLHTTPSessionManager.m in Sources */ = {isa = PBXBuildFile; fileRef = 5A4F59C21F3A143400C84D80 /* RWLHTTPSessionManager.m */; };
		5A4F59C71F3A1F1A00C84D80 /* RWLFlickrService.m in Sources */ = {isa = PBXBuildFile; fileRef = 5A4F59C61F3A1F1A00C84D80 /* RWLFlickrService.m */; };
		5A4F59CB1F3A1F3400C84D80 /* RWLFlickrImage.m in Sources */ = {isa = PBXBuildFile; fileRef = 5A4F59CA1F3A1F3400C84D80 /* RWLFlickrImage.m */; };
		5A4F59CE1F3A22A400C84D80 /* RWLFlickrResponse.m in Sources */ = {isa = PBXBuildFile; fileRef = 5A4F59CD1F3A22A400C84D80 /* RWLFlickrResponse.m */; };
		5A4F59D11F3A6CCA00C84D80 /* RWLFlickrResultsViewController.m in Sources */ = {isa = PBXBuildFile; fileRef = 5A4F59D01F3A6CCA00C84D80 /* RWLFlickrResultsViewController.m */; };
		5A4F59D41F3A6EA300C84D80 /* RWLFlickrSearchViewController.m in Sources */ = {isa = PBXBuildFile; fileRef = 5A4F59D31F3A6EA300C84D80 /* RWLFlickrSearchViewController.m */; };
		5A4F59D71F3A8AD900C84D80 /* RWLFlickrImageDetailViewController.m in Sources */ = {isa = PBXBuildFile; fileRef = 5A4F59D61F3A8AD900C84D80 /* RWLFlickrImageDetailViewController.m */; };
		5A9E06211F39073F00A5C034 /* main.m in Sources */ = {isa = PBXBuildFile; fileRef = 5A9E06201F39073F00A5C034 /* main.m */; };
		5A9E06241F39073F00A5C034 /* AppDelegate.m in Sources */ = {isa = PBXBuildFile; fileRef = 5A9E06231F39073F00A5C034 /* AppDelegate.m */; };
		5A9E062C1F39073F00A5C034 /* Assets.xcassets in Resources */ = {isa = PBXBuildFile; fileRef = 5A9E062B1F39073F00A5C034 /* Assets.xcassets */; };
		5A9E062F1F39073F00A5C034 /* LaunchScreen.storyboard in Resources */ = {isa = PBXBuildFile; fileRef = 5A9E062D1F39073F00A5C034 /* LaunchScreen.storyboard */; };
		5A9E063A1F39073F00A5C034 /* FlickrDemoTests.m in Sources */ = {isa = PBXBuildFile; fileRef = 5A9E06391F39073F00A5C034 /* FlickrDemoTests.m */; };
		5A9E06451F39073F00A5C034 /* FlickrDemoUITests.m in Sources */ = {isa = PBXBuildFile; fileRef = 5A9E06441F39073F00A5C034 /* FlickrDemoUITests.m */; };
		AC443192EEAA6B8D9A640C16 /* Pods_FlickrDemoTests.framework in Frameworks */ = {isa = PBXBuildFile; fileRef = 893100911BC70DAB760370E4 /* Pods_FlickrDemoTests.framework */; };
/* End PBXBuildFile section */

/* Begin PBXContainerItemProxy section */
		5A9E06361F39073F00A5C034 /* PBXContainerItemProxy */ = {
			isa = PBXContainerItemProxy;
			containerPortal = 5A9E06141F39073F00A5C034 /* Project object */;
			proxyType = 1;
			remoteGlobalIDString = 5A9E061B1F39073F00A5C034;
			remoteInfo = FlickrDemo;
		};
		5A9E06411F39073F00A5C034 /* PBXContainerItemProxy */ = {
			isa = PBXContainerItemProxy;
			containerPortal = 5A9E06141F39073F00A5C034 /* Project object */;
			proxyType = 1;
			remoteGlobalIDString = 5A9E061B1F39073F00A5C034;
			remoteInfo = FlickrDemo;
		};
/* End PBXContainerItemProxy section */

/* Begin PBXFileReference section */
		0C91BCB0EB8D27A8E938E87B /* Pods-FlickrDemo.debug.xcconfig */ = {isa = PBXFileReference; includeInIndex = 1; lastKnownFileType = text.xcconfig; name = "Pods-FlickrDemo.debug.xcconfig"; path = "Pods/Target Support Files/Pods-FlickrDemo/Pods-FlickrDemo.debug.xcconfig"; sourceTree = "<group>"; };
		12343885D96C19A2209748A5 /* Pods-FlickrDemoTests.release.xcconfig */ = {isa = PBXFileReference; includeInIndex = 1; lastKnownFileType = text.xcconfig; name = "Pods-FlickrDemoTests.release.xcconfig"; path = "Pods/Target Support Files/Pods-FlickrDemoTests/Pods-FlickrDemoTests.release.xcconfig"; sourceTree = "<group>"; };
		139F2F4A8C8CAE624AC1BACE /* Pods-FlickrDemo.release.xcconfig */ = {isa = PBXFileReference; includeInIndex = 1; lastKnownFileType = text.xcconfig; name = "Pods-FlickrDemo.release.xcconfig"; path = "Pods/Target Support Files/Pods-FlickrDemo/Pods-FlickrDemo.release.xcconfig"; sourceTree = "<group>"; };
		5A4F59B51F3A065200C84D80 /* RWLImageCellNode.h */ = {isa = PBXFileReference; fileEncoding = 4; lastKnownFileType = sourcecode.c.h; path = RWLImageCellNode.h; sourceTree = "<group>"; };
		5A4F59B61F3A065200C84D80 /* RWLImageCellNode.m */ = {isa = PBXFileReference; fileEncoding = 4; lastKnownFileType = sourcecode.c.objc; path = RWLImageCellNode.m; sourceTree = "<group>"; };
		5A4F59B91F3A0A9E00C84D80 /* RWLFlickrSearchViewModel.h */ = {isa = PBXFileReference; fileEncoding = 4; lastKnownFileType = sourcecode.c.h; path = RWLFlickrSearchViewModel.h; sourceTree = "<group>"; };
		5A4F59BA1F3A0A9E00C84D80 /* RWLFlickrSearchViewModel.m */ = {isa = PBXFileReference; fileEncoding = 4; lastKnownFileType = sourcecode.c.objc; path = RWLFlickrSearchViewModel.m; sourceTree = "<group>"; };
		5A4F59C11F3A143400C84D80 /* RWLHTTPSessionManager.h */ = {isa = PBXFileReference; fileEncoding = 4; lastKnownFileType = sourcecode.c.h; path = RWLHTTPSessionManager.h; sourceTree = "<group>"; };
		5A4F59C21F3A143400C84D80 /* RWLHTTPSessionManager.m */ = {isa = PBXFileReference; fileEncoding = 4; lastKnownFileType = sourcecode.c.objc; path = RWLHTTPSessionManager.m; sourceTree = "<group>"; };
		5A4F59C51F3A1F1A00C84D80 /* RWLFlickrService.h */ = {isa = PBXFileReference; fileEncoding = 4; lastKnownFileType = sourcecode.c.h; path = RWLFlickrService.h; sourceTree = "<group>"; };
		5A4F59C61F3A1F1A00C84D80 /* RWLFlickrService.m */ = {isa = PBXFileReference; fileEncoding = 4; lastKnownFileType = sourcecode.c.objc; path = RWLFlickrService.m; sourceTree = "<group>"; };
		5A4F59C91F3A1F3400C84D80 /* RWLFlickrImage.h */ = {isa = PBXFileReference; fileEncoding = 4; lastKnownFileType = sourcecode.c.h; path = RWLFlickrImage.h; sourceTree = "<group>"; };
		5A4F59CA1F3A1F3400C84D80 /* RWLFlickrImage.m */ = {isa = PBXFileReference; fileEncoding = 4; lastKnownFileType = sourcecode.c.objc; path = RWLFlickrImage.m; sourceTree = "<group>"; };
		5A4F59CC1F3A22A400C84D80 /* RWLFlickrResponse.h */ = {isa = PBXFileReference; fileEncoding = 4; lastKnownFileType = sourcecode.c.h; path = RWLFlickrResponse.h; sourceTree = "<group>"; };
		5A4F59CD1F3A22A400C84D80 /* RWLFlickrResponse.m */ = {isa = PBXFileReference; fileEncoding = 4; lastKnownFileType = sourcecode.c.objc; path = RWLFlickrResponse.m; sourceTree = "<group>"; };
		5A4F59CF1F3A6CCA00C84D80 /* RWLFlickrResultsViewController.h */ = {isa = PBXFileReference; fileEncoding = 4; lastKnownFileType = sourcecode.c.h; path = RWLFlickrResultsViewController.h; sourceTree = "<group>"; };
		5A4F59D01F3A6CCA00C84D80 /* RWLFlickrResultsViewController.m */ = {isa = PBXFileReference; fileEncoding = 4; lastKnownFileType = sourcecode.c.objc; path = RWLFlickrResultsViewController.m; sourceTree = "<group>"; };
		5A4F59D21F3A6EA300C84D80 /* RWLFlickrSearchViewController.h */ = {isa = PBXFileReference; fileEncoding = 4; lastKnownFileType = sourcecode.c.h; path = RWLFlickrSearchViewController.h; sourceTree = "<group>"; };
		5A4F59D31F3A6EA300C84D80 /* RWLFlickrSearchViewController.m */ = {isa = PBXFileReference; fileEncoding = 4; lastKnownFileType = sourcecode.c.objc; path = RWLFlickrSearchViewController.m; sourceTree = "<group>"; };
		5A4F59D51F3A8AD900C84D80 /* RWLFlickrImageDetailViewController.h */ = {isa = PBXFileReference; fileEncoding = 4; lastKnownFileType = sourcecode.c.h; path = RWLFlickrImageDetailViewController.h; sourceTree = "<group>"; };
		5A4F59D61F3A8AD900C84D80 /* RWLFlickrImageDetailViewController.m */ = {isa = PBXFileReference; fileEncoding = 4; lastKnownFileType = sourcecode.c.objc; path = RWLFlickrImageDetailViewController.m; sourceTree = "<group>"; };
		5A9E061C1F39073F00A5C034 /* FlickrDemo.app */ = {isa = PBXFileReference; explicitFileType = wrapper.application; includeInIndex = 0; path = FlickrDemo.app; sourceTree = BUILT_PRODUCTS_DIR; };
		5A9E06201F39073F00A5C034 /* main.m */ = {isa = PBXFileReference; lastKnownFileType = sourcecode.c.objc; path = main.m; sourceTree = "<group>"; };
		5A9E06221F39073F00A5C034 /* AppDelegate.h */ = {isa = PBXFileReference; lastKnownFileType = sourcecode.c.h; path = AppDelegate.h; sourceTree = "<group>"; };
		5A9E06231F39073F00A5C034 /* AppDelegate.m */ = {isa = PBXFileReference; lastKnownFileType = sourcecode.c.objc; path = AppDelegate.m; sourceTree = "<group>"; };
		5A9E062B1F39073F00A5C034 /* Assets.xcassets */ = {isa = PBXFileReference; lastKnownFileType = folder.assetcatalog; path = Assets.xcassets; sourceTree = "<group>"; };
		5A9E062E1F39073F00A5C034 /* Base */ = {isa = PBXFileReference; lastKnownFileType = file.storyboard; name = Base; path = Base.lproj/LaunchScreen.storyboard; sourceTree = "<group>"; };
		5A9E06301F39073F00A5C034 /* Info.plist */ = {isa = PBXFileReference; lastKnownFileType = text.plist.xml; path = Info.plist; sourceTree = "<group>"; };
		5A9E06351F39073F00A5C034 /* FlickrDemoTests.xctest */ = {isa = PBXFileReference; explicitFileType = wrapper.cfbundle; includeInIndex = 0; path = FlickrDemoTests.xctest; sourceTree = BUILT_PRODUCTS_DIR; };
		5A9E06391F39073F00A5C034 /* FlickrDemoTests.m */ = {isa = PBXFileReference; lastKnownFileType = sourcecode.c.objc; path = FlickrDemoTests.m; sourceTree = "<group>"; };
		5A9E063B1F39073F00A5C034 /* Info.plist */ = {isa = PBXFileReference; lastKnownFileType = text.plist.xml; path = Info.plist; sourceTree = "<group>"; };
		5A9E06401F39073F00A5C034 /* FlickrDemoUITests.xctest */ = {isa = PBXFileReference; explicitFileType = wrapper.cfbundle; includeInIndex = 0; path = FlickrDemoUITests.xctest; sourceTree = BUILT_PRODUCTS_DIR; };
		5A9E06441F39073F00A5C034 /* FlickrDemoUITests.m */ = {isa = PBXFileReference; lastKnownFileType = sourcecode.c.objc; path = FlickrDemoUITests.m; sourceTree = "<group>"; };
		5A9E06461F39073F00A5C034 /* Info.plist */ = {isa = PBXFileReference; lastKnownFileType = text.plist.xml; path = Info.plist; sourceTree = "<group>"; };
		5E489AE9AAE3D95D016C47E9 /* Pods-FlickrDemoUITests.release.xcconfig */ = {isa = PBXFileReference; includeInIndex = 1; lastKnownFileType = text.xcconfig; name = "Pods-FlickrDemoUITests.release.xcconfig"; path = "Pods/Target Support Files/Pods-FlickrDemoUITests/Pods-FlickrDemoUITests.release.xcconfig"; sourceTree = "<group>"; };
		6DAF6D0FDFBB06829CFE6145 /* Pods-FlickrDemoUITests.debug.xcconfig */ = {isa = PBXFileReference; includeInIndex = 1; lastKnownFileType = text.xcconfig; name = "Pods-FlickrDemoUITests.debug.xcconfig"; path = "Pods/Target Support Files/Pods-FlickrDemoUITests/Pods-FlickrDemoUITests.debug.xcconfig"; sourceTree = "<group>"; };
		847EE8CAE4CB335E6F3CB8A1 /* Pods-FlickrDemoTests.debug.xcconfig */ = {isa = PBXFileReference; includeInIndex = 1; lastKnownFileType = text.xcconfig; name = "Pods-FlickrDemoTests.debug.xcconfig"; path = "Pods/Target Support Files/Pods-FlickrDemoTests/Pods-FlickrDemoTests.debug.xcconfig"; sourceTree = "<group>"; };
		893100911BC70DAB760370E4 /* Pods_FlickrDemoTests.framework */ = {isa = PBXFileReference; explicitFileType = wrapper.framework; includeInIndex = 0; path = Pods_FlickrDemoTests.framework; sourceTree = BUILT_PRODUCTS_DIR; };
		E4553D73ECEEB795E9B7138F /* Pods_FlickrDemoUITests.framework */ = {isa = PBXFileReference; explicitFileType = wrapper.framework; includeInIndex = 0; path = Pods_FlickrDemoUITests.framework; sourceTree = BUILT_PRODUCTS_DIR; };
		EFB40A1B235F0EEFC754EE5E /* Pods_FlickrDemo.framework */ = {isa = PBXFileReference; explicitFileType = wrapper.framework; includeInIndex = 0; path = Pods_FlickrDemo.framework; sourceTree = BUILT_PRODUCTS_DIR; };
/* End PBXFileReference section */

/* Begin PBXFrameworksBuildPhase section */
		5A9E06191F39073F00A5C034 /* Frameworks */ = {
			isa = PBXFrameworksBuildPhase;
			buildActionMask = 2147483647;
			files = (
				31878BF04F443F2EC62E243A /* Pods_FlickrDemo.framework in Frameworks */,
			);
			runOnlyForDeploymentPostprocessing = 0;
		};
		5A9E06321F39073F00A5C034 /* Frameworks */ = {
			isa = PBXFrameworksBuildPhase;
			buildActionMask = 2147483647;
			files = (
				AC443192EEAA6B8D9A640C16 /* Pods_FlickrDemoTests.framework in Frameworks */,
			);
			runOnlyForDeploymentPostprocessing = 0;
		};
		5A9E063D1F39073F00A5C034 /* Frameworks */ = {
			isa = PBXFrameworksBuildPhase;
			buildActionMask = 2147483647;
			files = (
				4BCB2B28E19E54613734EB67 /* Pods_FlickrDemoUITests.framework in Frameworks */,
			);
			runOnlyForDeploymentPostprocessing = 0;
		};
/* End PBXFrameworksBuildPhase section */

/* Begin PBXGroup section */
		109F7484A11DA3CBFAFDCC8C /* Frameworks */ = {
			isa = PBXGroup;
			children = (
				EFB40A1B235F0EEFC754EE5E /* Pods_FlickrDemo.framework */,
				893100911BC70DAB760370E4 /* Pods_FlickrDemoTests.framework */,
				E4553D73ECEEB795E9B7138F /* Pods_FlickrDemoUITests.framework */,
			);
			name = Frameworks;
			sourceTree = "<group>";
		};
		2DB1E309933EB152ED74BD7E /* Pods */ = {
			isa = PBXGroup;
			children = (
				0C91BCB0EB8D27A8E938E87B /* Pods-FlickrDemo.debug.xcconfig */,
				139F2F4A8C8CAE624AC1BACE /* Pods-FlickrDemo.release.xcconfig */,
				847EE8CAE4CB335E6F3CB8A1 /* Pods-FlickrDemoTests.debug.xcconfig */,
				12343885D96C19A2209748A5 /* Pods-FlickrDemoTests.release.xcconfig */,
				6DAF6D0FDFBB06829CFE6145 /* Pods-FlickrDemoUITests.debug.xcconfig */,
				5E489AE9AAE3D95D016C47E9 /* Pods-FlickrDemoUITests.release.xcconfig */,
			);
			name = Pods;
			sourceTree = "<group>";
		};
		5A4F59B41F3A061900C84D80 /* Views */ = {
			isa = PBXGroup;
			children = (
				5A4F59B51F3A065200C84D80 /* RWLImageCellNode.h */,
				5A4F59B61F3A065200C84D80 /* RWLImageCellNode.m */,
			);
			name = Views;
			sourceTree = "<group>";
		};
		5A4F59B81F3A0A6200C84D80 /* View Models */ = {
			isa = PBXGroup;
			children = (
				5A4F59B91F3A0A9E00C84D80 /* RWLFlickrSearchViewModel.h */,
				5A4F59BA1F3A0A9E00C84D80 /* RWLFlickrSearchViewModel.m */,
			);
			name = "View Models";
			sourceTree = "<group>";
		};
		5A4F59BC1F3A0B7300C84D80 /* Controllers */ = {
			isa = PBXGroup;
			children = (
				5A4F59D21F3A6EA300C84D80 /* RWLFlickrSearchViewController.h */,
				5A4F59D31F3A6EA300C84D80 /* RWLFlickrSearchViewController.m */,
				5A4F59CF1F3A6CCA00C84D80 /* RWLFlickrResultsViewController.h */,
				5A4F59D01F3A6CCA00C84D80 /* RWLFlickrResultsViewController.m */,
				5A4F59D51F3A8AD900C84D80 /* RWLFlickrImageDetailViewController.h */,
				5A4F59D61F3A8AD900C84D80 /* RWLFlickrImageDetailViewController.m */,
			);
			name = Controllers;
			sourceTree = "<group>";
		};
		5A4F59C01F3A13F200C84D80 /* Networking */ = {
			isa = PBXGroup;
			children = (
				5A4F59C11F3A143400C84D80 /* RWLHTTPSessionManager.h */,
				5A4F59C21F3A143400C84D80 /* RWLHTTPSessionManager.m */,
			);
			name = Networking;
			sourceTree = "<group>";
		};
		5A4F59C41F3A1EF100C84D80 /* Services */ = {
			isa = PBXGroup;
			children = (
				5A4F59C51F3A1F1A00C84D80 /* RWLFlickrService.h */,
				5A4F59C61F3A1F1A00C84D80 /* RWLFlickrService.m */,
			);
			name = Services;
			sourceTree = "<group>";
		};
		5A4F59C81F3A1F2200C84D80 /* Models */ = {
			isa = PBXGroup;
			children = (
				5A4F59C91F3A1F3400C84D80 /* RWLFlickrImage.h */,
				5A4F59CA1F3A1F3400C84D80 /* RWLFlickrImage.m */,
				5A4F59CC1F3A22A400C84D80 /* RWLFlickrResponse.h */,
				5A4F59CD1F3A22A400C84D80 /* RWLFlickrResponse.m */,
			);
			name = Models;
			sourceTree = "<group>";
		};
		5A9E06131F39073F00A5C034 = {
			isa = PBXGroup;
			children = (
				5A9E061E1F39073F00A5C034 /* FlickrDemo */,
				5A9E06381F39073F00A5C034 /* FlickrDemoTests */,
				5A9E06431F39073F00A5C034 /* FlickrDemoUITests */,
				5A9E061D1F39073F00A5C034 /* Products */,
				2DB1E309933EB152ED74BD7E /* Pods */,
				109F7484A11DA3CBFAFDCC8C /* Frameworks */,
			);
			sourceTree = "<group>";
		};
		5A9E061D1F39073F00A5C034 /* Products */ = {
			isa = PBXGroup;
			children = (
				5A9E061C1F39073F00A5C034 /* FlickrDemo.app */,
				5A9E06351F39073F00A5C034 /* FlickrDemoTests.xctest */,
				5A9E06401F39073F00A5C034 /* FlickrDemoUITests.xctest */,
			);
			name = Products;
			sourceTree = "<group>";
		};
		5A9E061E1F39073F00A5C034 /* FlickrDemo */ = {
			isa = PBXGroup;
			children = (
				5A9E06221F39073F00A5C034 /* AppDelegate.h */,
				5A9E06231F39073F00A5C034 /* AppDelegate.m */,
				5A4F59BC1F3A0B7300C84D80 /* Controllers */,
				5A4F59C81F3A1F2200C84D80 /* Models */,
				5A4F59B41F3A061900C84D80 /* Views */,
				5A4F59B81F3A0A6200C84D80 /* View Models */,
				5A4F59C01F3A13F200C84D80 /* Networking */,
				5A4F59C41F3A1EF100C84D80 /* Services */,
				5A9E062B1F39073F00A5C034 /* Assets.xcassets */,
				5A9E062D1F39073F00A5C034 /* LaunchScreen.storyboard */,
				5A9E06301F39073F00A5C034 /* Info.plist */,
				5A9E061F1F39073F00A5C034 /* Supporting Files */,
			);
			path = FlickrDemo;
			sourceTree = "<group>";
		};
		5A9E061F1F39073F00A5C034 /* Supporting Files */ = {
			isa = PBXGroup;
			children = (
				5A9E06201F39073F00A5C034 /* main.m */,
			);
			name = "Supporting Files";
			sourceTree = "<group>";
		};
		5A9E06381F39073F00A5C034 /* FlickrDemoTests */ = {
			isa = PBXGroup;
			children = (
				5A9E06391F39073F00A5C034 /* FlickrDemoTests.m */,
				5A9E063B1F39073F00A5C034 /* Info.plist */,
			);
			path = FlickrDemoTests;
			sourceTree = "<group>";
		};
		5A9E06431F39073F00A5C034 /* FlickrDemoUITests */ = {
			isa = PBXGroup;
			children = (
				5A9E06441F39073F00A5C034 /* FlickrDemoUITests.m */,
				5A9E06461F39073F00A5C034 /* Info.plist */,
			);
			path = FlickrDemoUITests;
			sourceTree = "<group>";
		};
/* End PBXGroup section */

/* Begin PBXNativeTarget section */
		5A9E061B1F39073F00A5C034 /* FlickrDemo */ = {
			isa = PBXNativeTarget;
			buildConfigurationList = 5A9E06491F39073F00A5C034 /* Build configuration list for PBXNativeTarget "FlickrDemo" */;
			buildPhases = (
				BFBD8D8C59E3AE6FC9C20189 /* [CP] Check Pods Manifest.lock */,
				5A9E06181F39073F00A5C034 /* Sources */,
				5A9E06191F39073F00A5C034 /* Frameworks */,
				5A9E061A1F39073F00A5C034 /* Resources */,
				BC5DC7D170CF1385FB55BB87 /* [CP] Embed Pods Frameworks */,
				A49F61C3C05EC24B545B0E4C /* [CP] Copy Pods Resources */,
			);
			buildRules = (
			);
			dependencies = (
			);
			name = FlickrDemo;
			productName = FlickrDemo;
			productReference = 5A9E061C1F39073F00A5C034 /* FlickrDemo.app */;
			productType = "com.apple.product-type.application";
		};
		5A9E06341F39073F00A5C034 /* FlickrDemoTests */ = {
			isa = PBXNativeTarget;
			buildConfigurationList = 5A9E064C1F39073F00A5C034 /* Build configuration list for PBXNativeTarget "FlickrDemoTests" */;
			buildPhases = (
				5BCDDB959EA381C0FCFF4762 /* [CP] Check Pods Manifest.lock */,
				5A9E06311F39073F00A5C034 /* Sources */,
				5A9E06321F39073F00A5C034 /* Frameworks */,
				5A9E06331F39073F00A5C034 /* Resources */,
				7AC8CDCC28461BB8722046CF /* [CP] Embed Pods Frameworks */,
				3BE9533F427E8094FECF9F9A /* [CP] Copy Pods Resources */,
			);
			buildRules = (
			);
			dependencies = (
				5A9E06371F39073F00A5C034 /* PBXTargetDependency */,
			);
			name = FlickrDemoTests;
			productName = FlickrDemoTests;
			productReference = 5A9E06351F39073F00A5C034 /* FlickrDemoTests.xctest */;
			productType = "com.apple.product-type.bundle.unit-test";
		};
		5A9E063F1F39073F00A5C034 /* FlickrDemoUITests */ = {
			isa = PBXNativeTarget;
			buildConfigurationList = 5A9E064F1F39073F00A5C034 /* Build configuration list for PBXNativeTarget "FlickrDemoUITests" */;
			buildPhases = (
				ADA36FF2AF5F67C467506E81 /* [CP] Check Pods Manifest.lock */,
				5A9E063C1F39073F00A5C034 /* Sources */,
				5A9E063D1F39073F00A5C034 /* Frameworks */,
				5A9E063E1F39073F00A5C034 /* Resources */,
				5322B29640D1298DD1742D72 /* [CP] Copy Pods Resources */,
			);
			buildRules = (
			);
			dependencies = (
				5A9E06421F39073F00A5C034 /* PBXTargetDependency */,
			);
			name = FlickrDemoUITests;
			productName = FlickrDemoUITests;
			productReference = 5A9E06401F39073F00A5C034 /* FlickrDemoUITests.xctest */;
			productType = "com.apple.product-type.bundle.ui-testing";
		};
/* End PBXNativeTarget section */

/* Begin PBXProject section */
		5A9E06141F39073F00A5C034 /* Project object */ = {
			isa = PBXProject;
			attributes = {
				CLASSPREFIX = RWL;
				LastUpgradeCheck = 0830;
				ORGANIZATIONNAME = "Bob Law";
				TargetAttributes = {
					5A9E061B1F39073F00A5C034 = {
						CreatedOnToolsVersion = 8.3.3;
						DevelopmentTeam = 28CDE4D38N;
						ProvisioningStyle = Automatic;
					};
					5A9E06341F39073F00A5C034 = {
						CreatedOnToolsVersion = 8.3.3;
						ProvisioningStyle = Automatic;
						TestTargetID = 5A9E061B1F39073F00A5C034;
					};
					5A9E063F1F39073F00A5C034 = {
						CreatedOnToolsVersion = 8.3.3;
						ProvisioningStyle = Automatic;
						TestTargetID = 5A9E061B1F39073F00A5C034;
					};
				};
			};
			buildConfigurationList = 5A9E06171F39073F00A5C034 /* Build configuration list for PBXProject "FlickrDemo" */;
			compatibilityVersion = "Xcode 3.2";
			developmentRegion = English;
			hasScannedForEncodings = 0;
			knownRegions = (
				en,
				Base,
			);
			mainGroup = 5A9E06131F39073F00A5C034;
			productRefGroup = 5A9E061D1F39073F00A5C034 /* Products */;
			projectDirPath = "";
			projectRoot = "";
			targets = (
				5A9E061B1F39073F00A5C034 /* FlickrDemo */,
				5A9E06341F39073F00A5C034 /* FlickrDemoTests */,
				5A9E063F1F39073F00A5C034 /* FlickrDemoUITests */,
			);
		};
/* End PBXProject section */

/* Begin PBXResourcesBuildPhase section */
		5A9E061A1F39073F00A5C034 /* Resources */ = {
			isa = PBXResourcesBuildPhase;
			buildActionMask = 2147483647;
			files = (
				5A9E062F1F39073F00A5C034 /* LaunchScreen.storyboard in Resources */,
				5A9E062C1F39073F00A5C034 /* Assets.xcassets in Resources */,
			);
			runOnlyForDeploymentPostprocessing = 0;
		};
		5A9E06331F39073F00A5C034 /* Resources */ = {
			isa = PBXResourcesBuildPhase;
			buildActionMask = 2147483647;
			files = (
			);
			runOnlyForDeploymentPostprocessing = 0;
		};
		5A9E063E1F39073F00A5C034 /* Resources */ = {
			isa = PBXResourcesBuildPhase;
			buildActionMask = 2147483647;
			files = (
			);
			runOnlyForDeploymentPostprocessing = 0;
		};
/* End PBXResourcesBuildPhase section */

/* Begin PBXShellScriptBuildPhase section */
		3BE9533F427E8094FECF9F9A /* [CP] Copy Pods Resources */ = {
			isa = PBXShellScriptBuildPhase;
			buildActionMask = 2147483647;
			files = (
			);
			inputPaths = (
			);
			name = "[CP] Copy Pods Resources";
			outputPaths = (
			);
			runOnlyForDeploymentPostprocessing = 0;
			shellPath = /bin/sh;
			shellScript = "\"${SRCROOT}/Pods/Target Support Files/Pods-FlickrDemoTests/Pods-FlickrDemoTests-resources.sh\"\n";
			showEnvVarsInLog = 0;
		};
		5322B29640D1298DD1742D72 /* [CP] Copy Pods Resources */ = {
			isa = PBXShellScriptBuildPhase;
			buildActionMask = 2147483647;
			files = (
			);
			inputPaths = (
			);
			name = "[CP] Copy Pods Resources";
			outputPaths = (
			);
			runOnlyForDeploymentPostprocessing = 0;
			shellPath = /bin/sh;
			shellScript = "\"${SRCROOT}/Pods/Target Support Files/Pods-FlickrDemoUITests/Pods-FlickrDemoUITests-resources.sh\"\n";
			showEnvVarsInLog = 0;
		};
		5BCDDB959EA381C0FCFF4762 /* [CP] Check Pods Manifest.lock */ = {
			isa = PBXShellScriptBuildPhase;
			buildActionMask = 2147483647;
			files = (
			);
			inputPaths = (
			);
			name = "[CP] Check Pods Manifest.lock";
			outputPaths = (
			);
			runOnlyForDeploymentPostprocessing = 0;
			shellPath = /bin/sh;
			shellScript = "diff \"${PODS_ROOT}/../Podfile.lock\" \"${PODS_ROOT}/Manifest.lock\" > /dev/null\nif [[ $? != 0 ]] ; then\n    cat << EOM\nerror: The sandbox is not in sync with the Podfile.lock. Run 'pod install' or update your CocoaPods installation.\nEOM\n    exit 1\nfi\n";
			showEnvVarsInLog = 0;
		};
		7AC8CDCC28461BB8722046CF /* [CP] Embed Pods Frameworks */ = {
			isa = PBXShellScriptBuildPhase;
			buildActionMask = 2147483647;
			files = (
			);
			inputPaths = (
			);
			name = "[CP] Embed Pods Frameworks";
			outputPaths = (
			);
			runOnlyForDeploymentPostprocessing = 0;
			shellPath = /bin/sh;
			shellScript = "\"${SRCROOT}/Pods/Target Support Files/Pods-FlickrDemoTests/Pods-FlickrDemoTests-frameworks.sh\"\n";
			showEnvVarsInLog = 0;
		};
		A49F61C3C05EC24B545B0E4C /* [CP] Copy Pods Resources */ = {
			isa = PBXShellScriptBuildPhase;
			buildActionMask = 2147483647;
			files = (
			);
			inputPaths = (
			);
			name = "[CP] Copy Pods Resources";
			outputPaths = (
			);
			runOnlyForDeploymentPostprocessing = 0;
			shellPath = /bin/sh;
			shellScript = "\"${SRCROOT}/Pods/Target Support Files/Pods-FlickrDemo/Pods-FlickrDemo-resources.sh\"\n";
			showEnvVarsInLog = 0;
		};
		ADA36FF2AF5F67C467506E81 /* [CP] Check Pods Manifest.lock */ = {
			isa = PBXShellScriptBuildPhase;
			buildActionMask = 2147483647;
			files = (
			);
			inputPaths = (
			);
			name = "[CP] Check Pods Manifest.lock";
			outputPaths = (
			);
			runOnlyForDeploymentPostprocessing = 0;
			shellPath = /bin/sh;
			shellScript = "diff \"${PODS_ROOT}/../Podfile.lock\" \"${PODS_ROOT}/Manifest.lock\" > /dev/null\nif [[ $? != 0 ]] ; then\n    cat << EOM\nerror: The sandbox is not in sync with the Podfile.lock. Run 'pod install' or update your CocoaPods installation.\nEOM\n    exit 1\nfi\n";
			showEnvVarsInLog = 0;
		};
		BC5DC7D170CF1385FB55BB87 /* [CP] Embed Pods Frameworks */ = {
			isa = PBXShellScriptBuildPhase;
			buildActionMask = 2147483647;
			files = (
			);
			inputPaths = (
			);
			name = "[CP] Embed Pods Frameworks";
			outputPaths = (
			);
			runOnlyForDeploymentPostprocessing = 0;
			shellPath = /bin/sh;
			shellScript = "\"${SRCROOT}/Pods/Target Support Files/Pods-FlickrDemo/Pods-FlickrDemo-frameworks.sh\"\n";
			showEnvVarsInLog = 0;
		};
		BFBD8D8C59E3AE6FC9C20189 /* [CP] Check Pods Manifest.lock */ = {
			isa = PBXShellScriptBuildPhase;
			buildActionMask = 2147483647;
			files = (
			);
			inputPaths = (
			);
			name = "[CP] Check Pods Manifest.lock";
			outputPaths = (
			);
			runOnlyForDeploymentPostprocessing = 0;
			shellPath = /bin/sh;
			shellScript = "diff \"${PODS_ROOT}/../Podfile.lock\" \"${PODS_ROOT}/Manifest.lock\" > /dev/null\nif [[ $? != 0 ]] ; then\n    cat << EOM\nerror: The sandbox is not in sync with the Podfile.lock. Run 'pod install' or update your CocoaPods installation.\nEOM\n    exit 1\nfi\n";
			showEnvVarsInLog = 0;
		};
/* End PBXShellScriptBuildPhase section */

/* Begin PBXSourcesBuildPhase section */
		5A9E06181F39073F00A5C034 /* Sources */ = {
			isa = PBXSourcesBuildPhase;
			buildActionMask = 2147483647;
			files = (
				5A4F59C31F3A143400C84D80 /* RWLHTTPSessionManager.m in Sources */,
				5A4F59CE1F3A22A400C84D80 /* RWLFlickrResponse.m in Sources */,
				5A4F59D71F3A8AD900C84D80 /* RWLFlickrImageDetailViewController.m in Sources */,
				5A4F59CB1F3A1F3400C84D80 /* RWLFlickrImage.m in Sources */,
				5A9E06241F39073F00A5C034 /* AppDelegate.m in Sources */,
				5A4F59D41F3A6EA300C84D80 /* RWLFlickrSearchViewController.m in Sources */,
				5A4F59BB1F3A0A9E00C84D80 /* RWLFlickrSearchViewModel.m in Sources */,
				5A9E06211F39073F00A5C034 /* main.m in Sources */,
				5A4F59C71F3A1F1A00C84D80 /* RWLFlickrService.m in Sources */,
				5A4F59D11F3A6CCA00C84D80 /* RWLFlickrResultsViewController.m in Sources */,
				5A4F59B71F3A065200C84D80 /* RWLImageCellNode.m in Sources */,
			);
			runOnlyForDeploymentPostprocessing = 0;
		};
		5A9E06311F39073F00A5C034 /* Sources */ = {
			isa = PBXSourcesBuildPhase;
			buildActionMask = 2147483647;
			files = (
				5A9E063A1F39073F00A5C034 /* FlickrDemoTests.m in Sources */,
			);
			runOnlyForDeploymentPostprocessing = 0;
		};
		5A9E063C1F39073F00A5C034 /* Sources */ = {
			isa = PBXSourcesBuildPhase;
			buildActionMask = 2147483647;
			files = (
				5A9E06451F39073F00A5C034 /* FlickrDemoUITests.m in Sources */,
			);
			runOnlyForDeploymentPostprocessing = 0;
		};
/* End PBXSourcesBuildPhase section */

/* Begin PBXTargetDependency section */
		5A9E06371F39073F00A5C034 /* PBXTargetDependency */ = {
			isa = PBXTargetDependency;
			target = 5A9E061B1F39073F00A5C034 /* FlickrDemo */;
			targetProxy = 5A9E06361F39073F00A5C034 /* PBXContainerItemProxy */;
		};
		5A9E06421F39073F00A5C034 /* PBXTargetDependency */ = {
			isa = PBXTargetDependency;
			target = 5A9E061B1F39073F00A5C034 /* FlickrDemo */;
			targetProxy = 5A9E06411F39073F00A5C034 /* PBXContainerItemProxy */;
		};
/* End PBXTargetDependency section */

/* Begin PBXVariantGroup section */
		5A9E062D1F39073F00A5C034 /* LaunchScreen.storyboard */ = {
			isa = PBXVariantGroup;
			children = (
				5A9E062E1F39073F00A5C034 /* Base */,
			);
			name = LaunchScreen.storyboard;
			sourceTree = "<group>";
		};
/* End PBXVariantGroup section */

/* Begin XCBuildConfiguration section */
		5A9E06471F39073F00A5C034 /* Debug */ = {
			isa = XCBuildConfiguration;
			buildSettings = {
				ALWAYS_SEARCH_USER_PATHS = NO;
				CLANG_ANALYZER_NONNULL = YES;
				CLANG_ANALYZER_NUMBER_OBJECT_CONVERSION = YES_AGGRESSIVE;
				CLANG_CXX_LANGUAGE_STANDARD = "gnu++0x";
				CLANG_CXX_LIBRARY = "libc++";
				CLANG_ENABLE_MODULES = YES;
				CLANG_ENABLE_OBJC_ARC = YES;
				CLANG_WARN_BOOL_CONVERSION = YES;
				CLANG_WARN_CONSTANT_CONVERSION = YES;
				CLANG_WARN_DIRECT_OBJC_ISA_USAGE = YES_ERROR;
				CLANG_WARN_DOCUMENTATION_COMMENTS = YES;
				CLANG_WARN_EMPTY_BODY = YES;
				CLANG_WARN_ENUM_CONVERSION = YES;
				CLANG_WARN_INFINITE_RECURSION = YES;
				CLANG_WARN_INT_CONVERSION = YES;
				CLANG_WARN_OBJC_ROOT_CLASS = YES_ERROR;
				CLANG_WARN_SUSPICIOUS_MOVE = YES;
				CLANG_WARN_UNREACHABLE_CODE = YES;
				CLANG_WARN__DUPLICATE_METHOD_MATCH = YES;
				"CODE_SIGN_IDENTITY[sdk=iphoneos*]" = "iPhone Developer";
				COPY_PHASE_STRIP = NO;
				DEBUG_INFORMATION_FORMAT = dwarf;
				ENABLE_STRICT_OBJC_MSGSEND = YES;
				ENABLE_TESTABILITY = YES;
				GCC_C_LANGUAGE_STANDARD = gnu99;
				GCC_DYNAMIC_NO_PIC = NO;
				GCC_NO_COMMON_BLOCKS = YES;
				GCC_OPTIMIZATION_LEVEL = 0;
				GCC_PREPROCESSOR_DEFINITIONS = (
					"DEBUG=1",
					"$(inherited)",
				);
				GCC_WARN_64_TO_32_BIT_CONVERSION = YES;
				GCC_WARN_ABOUT_RETURN_TYPE = YES_ERROR;
				GCC_WARN_UNDECLARED_SELECTOR = YES;
				GCC_WARN_UNINITIALIZED_AUTOS = YES_AGGRESSIVE;
				GCC_WARN_UNUSED_FUNCTION = YES;
				GCC_WARN_UNUSED_VARIABLE = YES;
				IPHONEOS_DEPLOYMENT_TARGET = 10.3;
				MTL_ENABLE_DEBUG_INFO = YES;
				ONLY_ACTIVE_ARCH = YES;
				SDKROOT = iphoneos;
			};
			name = Debug;
		};
		5A9E06481F39073F00A5C034 /* Release */ = {
			isa = XCBuildConfiguration;
			buildSettings = {
				ALWAYS_SEARCH_USER_PATHS = NO;
				CLANG_ANALYZER_NONNULL = YES;
				CLANG_ANALYZER_NUMBER_OBJECT_CONVERSION = YES_AGGRESSIVE;
				CLANG_CXX_LANGUAGE_STANDARD = "gnu++0x";
				CLANG_CXX_LIBRARY = "libc++";
				CLANG_ENABLE_MODULES = YES;
				CLANG_ENABLE_OBJC_ARC = YES;
				CLANG_WARN_BOOL_CONVERSION = YES;
				CLANG_WARN_CONSTANT_CONVERSION = YES;
				CLANG_WARN_DIRECT_OBJC_ISA_USAGE = YES_ERROR;
				CLANG_WARN_DOCUMENTATION_COMMENTS = YES;
				CLANG_WARN_EMPTY_BODY = YES;
				CLANG_WARN_ENUM_CONVERSION = YES;
				CLANG_WARN_INFINITE_RECURSION = YES;
				CLANG_WARN_INT_CONVERSION = YES;
				CLANG_WARN_OBJC_ROOT_CLASS = YES_ERROR;
				CLANG_WARN_SUSPICIOUS_MOVE = YES;
				CLANG_WARN_UNREACHABLE_CODE = YES;
				CLANG_WARN__DUPLICATE_METHOD_MATCH = YES;
				"CODE_SIGN_IDENTITY[sdk=iphoneos*]" = "iPhone Developer";
				COPY_PHASE_STRIP = NO;
				DEBUG_INFORMATION_FORMAT = "dwarf-with-dsym";
				ENABLE_NS_ASSERTIONS = NO;
				ENABLE_STRICT_OBJC_MSGSEND = YES;
				GCC_C_LANGUAGE_STANDARD = gnu99;
				GCC_NO_COMMON_BLOCKS = YES;
				GCC_WARN_64_TO_32_BIT_CONVERSION = YES;
				GCC_WARN_ABOUT_RETURN_TYPE = YES_ERROR;
				GCC_WARN_UNDECLARED_SELECTOR = YES;
				GCC_WARN_UNINITIALIZED_AUTOS = YES_AGGRESSIVE;
				GCC_WARN_UNUSED_FUNCTION = YES;
				GCC_WARN_UNUSED_VARIABLE = YES;
				IPHONEOS_DEPLOYMENT_TARGET = 10.3;
				MTL_ENABLE_DEBUG_INFO = NO;
				SDKROOT = iphoneos;
				VALIDATE_PRODUCT = YES;
			};
			name = Release;
		};
		5A9E064A1F39073F00A5C034 /* Debug */ = {
			isa = XCBuildConfiguration;
			baseConfigurationReference = 0C91BCB0EB8D27A8E938E87B /* Pods-FlickrDemo.debug.xcconfig */;
			buildSettings = {
				ASSETCATALOG_COMPILER_APPICON_NAME = AppIcon;
				DEVELOPMENT_TEAM = 28CDE4D38N;
				INFOPLIST_FILE = FlickrDemo/Info.plist;
				LD_RUNPATH_SEARCH_PATHS = "$(inherited) @executable_path/Frameworks";
				PRODUCT_BUNDLE_IDENTIFIER = blaw711.FlickrDemo;
				PRODUCT_NAME = "$(TARGET_NAME)";
			};
			name = Debug;
		};
		5A9E064B1F39073F00A5C034 /* Release */ = {
			isa = XCBuildConfiguration;
			baseConfigurationReference = 139F2F4A8C8CAE624AC1BACE /* Pods-FlickrDemo.release.xcconfig */;
			buildSettings = {
				ASSETCATALOG_COMPILER_APPICON_NAME = AppIcon;
				DEVELOPMENT_TEAM = 28CDE4D38N;
				INFOPLIST_FILE = FlickrDemo/Info.plist;
				LD_RUNPATH_SEARCH_PATHS = "$(inherited) @executable_path/Frameworks";
				PRODUCT_BUNDLE_IDENTIFIER = blaw711.FlickrDemo;
				PRODUCT_NAME = "$(TARGET_NAME)";
			};
			name = Release;
		};
		5A9E064D1F39073F00A5C034 /* Debug */ = {
			isa = XCBuildConfiguration;
			baseConfigurationReference = 847EE8CAE4CB335E6F3CB8A1 /* Pods-FlickrDemoTests.debug.xcconfig */;
			buildSettings = {
				BUNDLE_LOADER = "$(TEST_HOST)";
				INFOPLIST_FILE = FlickrDemoTests/Info.plist;
				LD_RUNPATH_SEARCH_PATHS = "$(inherited) @executable_path/Frameworks @loader_path/Frameworks";
				PRODUCT_BUNDLE_IDENTIFIER = blaw711.FlickrDemoTests;
				PRODUCT_NAME = "$(TARGET_NAME)";
				TEST_HOST = "$(BUILT_PRODUCTS_DIR)/FlickrDemo.app/FlickrDemo";
			};
			name = Debug;
		};
		5A9E064E1F39073F00A5C034 /* Release */ = {
			isa = XCBuildConfiguration;
			baseConfigurationReference = 12343885D96C19A2209748A5 /* Pods-FlickrDemoTests.release.xcconfig */;
			buildSettings = {
				BUNDLE_LOADER = "$(TEST_HOST)";
				INFOPLIST_FILE = FlickrDemoTests/Info.plist;
				LD_RUNPATH_SEARCH_PATHS = "$(inherited) @executable_path/Frameworks @loader_path/Frameworks";
				PRODUCT_BUNDLE_IDENTIFIER = blaw711.FlickrDemoTests;
				PRODUCT_NAME = "$(TARGET_NAME)";
				TEST_HOST = "$(BUILT_PRODUCTS_DIR)/FlickrDemo.app/FlickrDemo";
			};
			name = Release;
		};
		5A9E06501F39073F00A5C034 /* Debug */ = {
			isa = XCBuildConfiguration;
			baseConfigurationReference = 6DAF6D0FDFBB06829CFE6145 /* Pods-FlickrDemoUITests.debug.xcconfig */;
			buildSettings = {
				INFOPLIST_FILE = FlickrDemoUITests/Info.plist;
				LD_RUNPATH_SEARCH_PATHS = "$(inherited) @executable_path/Frameworks @loader_path/Frameworks";
				PRODUCT_BUNDLE_IDENTIFIER = blaw711.FlickrDemoUITests;
				PRODUCT_NAME = "$(TARGET_NAME)";
				TEST_TARGET_NAME = FlickrDemo;
			};
			name = Debug;
		};
		5A9E06511F39073F00A5C034 /* Release */ = {
			isa = XCBuildConfiguration;
			baseConfigurationReference = 5E489AE9AAE3D95D016C47E9 /* Pods-FlickrDemoUITests.release.xcconfig */;
			buildSettings = {
				INFOPLIST_FILE = FlickrDemoUITests/Info.plist;
				LD_RUNPATH_SEARCH_PATHS = "$(inherited) @executable_path/Frameworks @loader_path/Frameworks";
				PRODUCT_BUNDLE_IDENTIFIER = blaw711.FlickrDemoUITests;
				PRODUCT_NAME = "$(TARGET_NAME)";
				TEST_TARGET_NAME = FlickrDemo;
			};
			name = Release;
		};
/* End XCBuildConfiguration section */

/* Begin XCConfigurationList section */
		5A9E06171F39073F00A5C034 /* Build configuration list for PBXProject "FlickrDemo" */ = {
			isa = XCConfigurationList;
			buildConfigurations = (
				5A9E06471F39073F00A5C034 /* Debug */,
				5A9E06481F39073F00A5C034 /* Release */,
			);
			defaultConfigurationIsVisible = 0;
			defaultConfigurationName = Release;
		};
		5A9E06491F39073F00A5C034 /* Build configuration list for PBXNativeTarget "FlickrDemo" */ = {
			isa = XCConfigurationList;
			buildConfigurations = (
				5A9E064A1F39073F00A5C034 /* Debug */,
				5A9E064B1F39073F00A5C034 /* Release */,
			);
			defaultConfigurationIsVisible = 0;
			defaultConfigurationName = Release;
		};
		5A9E064C1F39073F00A5C034 /* Build configuration list for PBXNativeTarget "FlickrDemoTests" */ = {
			isa = XCConfigurationList;
			buildConfigurations = (
				5A9E064D1F39073F00A5C034 /* Debug */,
				5A9E064E1F39073F00A5C034 /* Release */,
			);
			defaultConfigurationIsVisible = 0;
			defaultConfigurationName = Release;
		};
		5A9E064F1F39073F00A5C034 /* Build configuration list for PBXNativeTarget "FlickrDemoUITests" */ = {
			isa = XCConfigurationList;
			buildConfigurations = (
				5A9E06501F39073F00A5C034 /* Debug */,
				5A9E06511F39073F00A5C034 /* Release */,
			);
			defaultConfigurationIsVisible = 0;
			defaultConfigurationName = Release;
		};
/* End XCConfigurationList section */
	};
	rootObject = 5A9E06141F39073F00A5C034 /* Project object */;
}
